{
  "pins" : [
    {
      "identity" : "adhan-swift",
      "kind" : "remoteSourceControl",
      "location" : "https://github.com/batoulapps/adhan-swift",
      "state" : {
        "branch" : "main",
        "revision" : "fe8381795e65dc00ca0a584a2e82058f05e371d0"
      }
    }
  ],
  "version" : 2
}
