// !$*UTF8*$!
{
	archiveVersion = 1;
	classes = {
	};
	objectVersion = 52;
	objects = {

/* Begin PBXBuildFile section */
		E9016CAE26F566D00000EDBF /* PrayerTime.swift in Sources */ = {isa = PBXBuildFile; fileRef = E9016CAD26F566D00000EDBF /* PrayerTime.swift */; };
		E9016CB026F568D00000EDBF /* Date.swift in Sources */ = {isa = PBXBuildFile; fileRef = E9016CAF26F568D00000EDBF /* Date.swift */; };
		E93115ED26FD4D3600532A28 /* NavigationTitleText.swift in Sources */ = {isa = PBXBuildFile; fileRef = E93115EC26FD4D3600532A28 /* NavigationTitleText.swift */; };
		E93115F626FD518500532A28 /* Rakkas-Regular.ttf in Resources */ = {isa = PBXBuildFile; fileRef = E93115F526FD518500532A28 /* Rakkas-Regular.ttf */; };
		E93115F926FD5F0200532A28 /* CustomText.swift in Sources */ = {isa = PBXBuildFile; fileRef = E93115F826FD5F0200532A28 /* CustomText.swift */; };
		E93B5ED126F13A6E00C85177 /* LocationManager.swift in Sources */ = {isa = PBXBuildFile; fileRef = E93B5ED026F13A6E00C85177 /* LocationManager.swift */; };
		E96974DD271599DA006C2154 /* PostPrayerAthkarView.swift in Sources */ = {isa = PBXBuildFile; fileRef = E96974DC271599DA006C2154 /* PostPrayerAthkarView.swift */; };
		E96974E02715A4AE006C2154 /* SettingView.swift in Sources */ = {isa = PBXBuildFile; fileRef = E96974DF2715A4AE006C2154 /* SettingView.swift */; };
		E96974E22715A987006C2154 /* Launch Screen.storyboard in Resources */ = {isa = PBXBuildFile; fileRef = E96974E12715A987006C2154 /* Launch Screen.storyboard */; };
		E96B23B7271B9D3D00B6C249 /* ZekrCard.swift in Sources */ = {isa = PBXBuildFile; fileRef = E96B23B6271B9D3D00B6C249 /* ZekrCard.swift */; };
		E96B23B9271B9D6700B6C249 /* AthkarBigButton.swift in Sources */ = {isa = PBXBuildFile; fileRef = E96B23B8271B9D6700B6C249 /* AthkarBigButton.swift */; };
		E96CD929271B54B800C847D3 /* SettingNotificationView.swift in Sources */ = {isa = PBXBuildFile; fileRef = E96CD928271B54B800C847D3 /* SettingNotificationView.swift */; };
		E96CD92D271B87FB00C847D3 /* EnvironmentViewModel.swift in Sources */ = {isa = PBXBuildFile; fileRef = E96CD92C271B87FB00C847D3 /* EnvironmentViewModel.swift */; };
		E96CD930271B996500C847D3 /* LinkButton.swift in Sources */ = {isa = PBXBuildFile; fileRef = E96CD92F271B996500C847D3 /* LinkButton.swift */; };
		E9775CF0271A24A000608664 /* DevloperDetailsSection.swift in Sources */ = {isa = PBXBuildFile; fileRef = E9775CEF271A24A000608664 /* DevloperDetailsSection.swift */; };
		E9775CF2271A251B00608664 /* AppDetailsSection.swift in Sources */ = {isa = PBXBuildFile; fileRef = E9775CF1271A251B00608664 /* AppDetailsSection.swift */; };
		E9775CF4271A282B00608664 /* AppSettingSection.swift in Sources */ = {isa = PBXBuildFile; fileRef = E9775CF3271A282B00608664 /* AppSettingSection.swift */; };
		E990D6F6271A1E1A000B8B72 /* sheet.swift in Sources */ = {isa = PBXBuildFile; fileRef = E990D6F5271A1E1A000B8B72 /* sheet.swift */; };
		E99C4E3326ED7E8000971EA3 /* Adhan in Frameworks */ = {isa = PBXBuildFile; productRef = E99C4E3226ED7E8000971EA3 /* Adhan */; };
		E99C4E3D26EE524A00971EA3 /* AthkarView.swift in Sources */ = {isa = PBXBuildFile; fileRef = E99C4E3C26EE524A00971EA3 /* AthkarView.swift */; };
		E99C4E3F26EE53AC00971EA3 /* PrayerTimeHeader.swift in Sources */ = {isa = PBXBuildFile; fileRef = E99C4E3E26EE53AC00971EA3 /* PrayerTimeHeader.swift */; };
		E9AA10C7271245640073C265 /* CoreDataManager.swift in Sources */ = {isa = PBXBuildFile; fileRef = E9AA10C6271245640073C265 /* CoreDataManager.swift */; };
		E9AA10C92712469F0073C265 /* Azkar.swift in Sources */ = {isa = PBXBuildFile; fileRef = E9AA10C82712469F0073C265 /* Azkar.swift */; };
		E9AA10CD271246FC0073C265 /* azkar_massa.json in Resources */ = {isa = PBXBuildFile; fileRef = E9AA10CA271246FC0073C265 /* azkar_massa.json */; };
		E9AA10CE271246FC0073C265 /* PostPrayer_azkar.json in Resources */ = {isa = PBXBuildFile; fileRef = E9AA10CB271246FC0073C265 /* PostPrayer_azkar.json */; };
		E9AA10CF271246FC0073C265 /* azkar_sabah.json in Resources */ = {isa = PBXBuildFile; fileRef = E9AA10CC271246FC0073C265 /* azkar_sabah.json */; };
		E9AA10D2271247B10073C265 /* Colors.swift in Sources */ = {isa = PBXBuildFile; fileRef = E9AA10D1271247B10073C265 /* Colors.swift */; };
		E9AA10D527124A750073C265 /* TasbihView.swift in Sources */ = {isa = PBXBuildFile; fileRef = E9AA10D427124A750073C265 /* TasbihView.swift */; };
		E9F1970427127CE9002AE23E /* UIScreen.swift in Sources */ = {isa = PBXBuildFile; fileRef = E9F1970327127CE9002AE23E /* UIScreen.swift */; };
		E9F378AA270024F400C86589 /* 1_athkar.json in Resources */ = {isa = PBXBuildFile; fileRef = E9F378A5270024F400C86589 /* 1_athkar.json */; };
		E9F378AB270024F400C86589 /* 3_sunnah_ad3yah.json in Resources */ = {isa = PBXBuildFile; fileRef = E9F378A6270024F400C86589 /* 3_sunnah_ad3yah.json */; };
		E9F378AC270024F400C86589 /* 4_ruqiya.json in Resources */ = {isa = PBXBuildFile; fileRef = E9F378A7270024F400C86589 /* 4_ruqiya.json */; };
		E9F378AD270024F400C86589 /* 6_allah_names.json in Resources */ = {isa = PBXBuildFile; fileRef = E9F378A8270024F400C86589 /* 6_allah_names.json */; };
		E9F378AE270024F400C86589 /* 2_quraan_ad3yah.json in Resources */ = {isa = PBXBuildFile; fileRef = E9F378A9270024F400C86589 /* 2_quraan_ad3yah.json */; };
		E9F483D82712864F004971BF /* me_quran.ttf in Resources */ = {isa = PBXBuildFile; fileRef = E9F197052712852B002AE23E /* me_quran.ttf */; };
		E9FADB8026EC3D1000271BFA /* AthanApp.swift in Sources */ = {isa = PBXBuildFile; fileRef = E9FADB7F26EC3D1000271BFA /* AthanApp.swift */; };
		E9FADB8226EC3D1000271BFA /* AppTapView.swift in Sources */ = {isa = PBXBuildFile; fileRef = E9FADB8126EC3D1000271BFA /* AppTapView.swift */; };
		E9FADB8426EC3D1100271BFA /* Assets.xcassets in Resources */ = {isa = PBXBuildFile; fileRef = E9FADB8326EC3D1100271BFA /* Assets.xcassets */; };
		E9FADB8726EC3D1100271BFA /* Preview Assets.xcassets in Resources */ = {isa = PBXBuildFile; fileRef = E9FADB8626EC3D1100271BFA /* Preview Assets.xcassets */; };
		E9FADB9026ECFBAB00271BFA /* Color.swift in Sources */ = {isa = PBXBuildFile; fileRef = E9FADB8F26ECFBAB00271BFA /* Color.swift */; };
		E9FADB9A26ED220C00271BFA /* PrayersTimeView.swift in Sources */ = {isa = PBXBuildFile; fileRef = E9FADB9926ED220C00271BFA /* PrayersTimeView.swift */; };
		E9FADB9C26ED22C300271BFA /* PrayerTimeCell.swift in Sources */ = {isa = PBXBuildFile; fileRef = E9FADB9B26ED22C300271BFA /* PrayerTimeCell.swift */; };
		E9FADB9E26ED22F500271BFA /* PrayerTimeCard.swift in Sources */ = {isa = PBXBuildFile; fileRef = E9FADB9D26ED22F500271BFA /* PrayerTimeCard.swift */; };
		E9FEF25F26F7E4E30026C261 /* MapView.swift in Sources */ = {isa = PBXBuildFile; fileRef = E9FEF25E26F7E4E30026C261 /* MapView.swift */; };
/* End PBXBuildFile section */

/* Begin PBXFileReference section */
		E9016CAD26F566D00000EDBF /* PrayerTime.swift */ = {isa = PBXFileReference; lastKnownFileType = sourcecode.swift; path = PrayerTime.swift; sourceTree = "<group>"; };
		E9016CAF26F568D00000EDBF /* Date.swift */ = {isa = PBXFileReference; lastKnownFileType = sourcecode.swift; path = Date.swift; sourceTree = "<group>"; };
		E93115EC26FD4D3600532A28 /* NavigationTitleText.swift */ = {isa = PBXFileReference; lastKnownFileType = sourcecode.swift; path = NavigationTitleText.swift; sourceTree = "<group>"; };
		E93115F526FD518500532A28 /* Rakkas-Regular.ttf */ = {isa = PBXFileReference; lastKnownFileType = file; path = "Rakkas-Regular.ttf"; sourceTree = "<group>"; };
		E93115F826FD5F0200532A28 /* CustomText.swift */ = {isa = PBXFileReference; lastKnownFileType = sourcecode.swift; path = CustomText.swift; sourceTree = "<group>"; };
		E93B5ED026F13A6E00C85177 /* LocationManager.swift */ = {isa = PBXFileReference; lastKnownFileType = sourcecode.swift; path = LocationManager.swift; sourceTree = "<group>"; };
		E96974DC271599DA006C2154 /* PostPrayerAthkarView.swift */ = {isa = PBXFileReference; lastKnownFileType = sourcecode.swift; path = PostPrayerAthkarView.swift; sourceTree = "<group>"; };
		E96974DF2715A4AE006C2154 /* SettingView.swift */ = {isa = PBXFileReference; lastKnownFileType = sourcecode.swift; path = SettingView.swift; sourceTree = "<group>"; };
		E96974E12715A987006C2154 /* Launch Screen.storyboard */ = {isa = PBXFileReference; lastKnownFileType = file.storyboard; path = "Launch Screen.storyboard"; sourceTree = "<group>"; };
		E96B23B6271B9D3D00B6C249 /* ZekrCard.swift */ = {isa = PBXFileReference; lastKnownFileType = sourcecode.swift; path = ZekrCard.swift; sourceTree = "<group>"; };
		E96B23B8271B9D6700B6C249 /* AthkarBigButton.swift */ = {isa = PBXFileReference; lastKnownFileType = sourcecode.swift; path = AthkarBigButton.swift; sourceTree = "<group>"; };
		E96CD928271B54B800C847D3 /* SettingNotificationView.swift */ = {isa = PBXFileReference; lastKnownFileType = sourcecode.swift; path = SettingNotificationView.swift; sourceTree = "<group>"; };
		E96CD92C271B87FB00C847D3 /* EnvironmentViewModel.swift */ = {isa = PBXFileReference; lastKnownFileType = sourcecode.swift; path = EnvironmentViewModel.swift; sourceTree = "<group>"; };
		E96CD92F271B996500C847D3 /* LinkButton.swift */ = {isa = PBXFileReference; lastKnownFileType = sourcecode.swift; path = LinkButton.swift; sourceTree = "<group>"; };
		E9775CEF271A24A000608664 /* DevloperDetailsSection.swift */ = {isa = PBXFileReference; lastKnownFileType = sourcecode.swift; path = DevloperDetailsSection.swift; sourceTree = "<group>"; };
		E9775CF1271A251B00608664 /* AppDetailsSection.swift */ = {isa = PBXFileReference; lastKnownFileType = sourcecode.swift; path = AppDetailsSection.swift; sourceTree = "<group>"; };
		E9775CF3271A282B00608664 /* AppSettingSection.swift */ = {isa = PBXFileReference; lastKnownFileType = sourcecode.swift; path = AppSettingSection.swift; sourceTree = "<group>"; };
		E990D6F5271A1E1A000B8B72 /* sheet.swift */ = {isa = PBXFileReference; lastKnownFileType = sourcecode.swift; path = sheet.swift; sourceTree = "<group>"; };
		E99C4E3C26EE524A00971EA3 /* AthkarView.swift */ = {isa = PBXFileReference; lastKnownFileType = sourcecode.swift; path = AthkarView.swift; sourceTree = "<group>"; };
		E99C4E3E26EE53AC00971EA3 /* PrayerTimeHeader.swift */ = {isa = PBXFileReference; lastKnownFileType = sourcecode.swift; path = PrayerTimeHeader.swift; sourceTree = "<group>"; };
		E9AA10C6271245640073C265 /* CoreDataManager.swift */ = {isa = PBXFileReference; lastKnownFileType = sourcecode.swift; path = CoreDataManager.swift; sourceTree = "<group>"; };
		E9AA10C82712469F0073C265 /* Azkar.swift */ = {isa = PBXFileReference; lastKnownFileType = sourcecode.swift; path = Azkar.swift; sourceTree = "<group>"; };
		E9AA10CA271246FC0073C265 /* azkar_massa.json */ = {isa = PBXFileReference; fileEncoding = 4; lastKnownFileType = text.json; path = azkar_massa.json; sourceTree = "<group>"; };
		E9AA10CB271246FC0073C265 /* PostPrayer_azkar.json */ = {isa = PBXFileReference; fileEncoding = 4; lastKnownFileType = text.json; path = PostPrayer_azkar.json; sourceTree = "<group>"; };
		E9AA10CC271246FC0073C265 /* azkar_sabah.json */ = {isa = PBXFileReference; fileEncoding = 4; lastKnownFileType = text.json; path = azkar_sabah.json; sourceTree = "<group>"; };
		E9AA10D1271247B10073C265 /* Colors.swift */ = {isa = PBXFileReference; lastKnownFileType = sourcecode.swift; path = Colors.swift; sourceTree = "<group>"; };
		E9AA10D427124A750073C265 /* TasbihView.swift */ = {isa = PBXFileReference; lastKnownFileType = sourcecode.swift; path = TasbihView.swift; sourceTree = "<group>"; };
		E9F1970327127CE9002AE23E /* UIScreen.swift */ = {isa = PBXFileReference; lastKnownFileType = sourcecode.swift; path = UIScreen.swift; sourceTree = "<group>"; };
		E9F197052712852B002AE23E /* me_quran.ttf */ = {isa = PBXFileReference; lastKnownFileType = file; path = me_quran.ttf; sourceTree = "<group>"; };
		E9F378A5270024F400C86589 /* 1_athkar.json */ = {isa = PBXFileReference; fileEncoding = 4; lastKnownFileType = text.json; path = 1_athkar.json; sourceTree = "<group>"; };
		E9F378A6270024F400C86589 /* 3_sunnah_ad3yah.json */ = {isa = PBXFileReference; fileEncoding = 4; lastKnownFileType = text.json; path = 3_sunnah_ad3yah.json; sourceTree = "<group>"; };
		E9F378A7270024F400C86589 /* 4_ruqiya.json */ = {isa = PBXFileReference; fileEncoding = 4; lastKnownFileType = text.json; path = 4_ruqiya.json; sourceTree = "<group>"; };
		E9F378A8270024F400C86589 /* 6_allah_names.json */ = {isa = PBXFileReference; fileEncoding = 4; lastKnownFileType = text.json; path = 6_allah_names.json; sourceTree = "<group>"; };
		E9F378A9270024F400C86589 /* 2_quraan_ad3yah.json */ = {isa = PBXFileReference; fileEncoding = 4; lastKnownFileType = text.json; path = 2_quraan_ad3yah.json; sourceTree = "<group>"; };
		E9FADB7C26EC3D1000271BFA /* Athan.app */ = {isa = PBXFileReference; explicitFileType = wrapper.application; includeInIndex = 0; path = Athan.app; sourceTree = BUILT_PRODUCTS_DIR; };
		E9FADB7F26EC3D1000271BFA /* AthanApp.swift */ = {isa = PBXFileReference; lastKnownFileType = sourcecode.swift; path = AthanApp.swift; sourceTree = "<group>"; };
		E9FADB8126EC3D1000271BFA /* AppTapView.swift */ = {isa = PBXFileReference; lastKnownFileType = sourcecode.swift; path = AppTapView.swift; sourceTree = "<group>"; };
		E9FADB8326EC3D1100271BFA /* Assets.xcassets */ = {isa = PBXFileReference; lastKnownFileType = folder.assetcatalog; path = Assets.xcassets; sourceTree = "<group>"; };
		E9FADB8626EC3D1100271BFA /* Preview Assets.xcassets */ = {isa = PBXFileReference; lastKnownFileType = folder.assetcatalog; path = "Preview Assets.xcassets"; sourceTree = "<group>"; };
		E9FADB8F26ECFBAB00271BFA /* Color.swift */ = {isa = PBXFileReference; lastKnownFileType = sourcecode.swift; path = Color.swift; sourceTree = "<group>"; };
		E9FADB9926ED220C00271BFA /* PrayersTimeView.swift */ = {isa = PBXFileReference; lastKnownFileType = sourcecode.swift; path = PrayersTimeView.swift; sourceTree = "<group>"; };
		E9FADB9B26ED22C300271BFA /* PrayerTimeCell.swift */ = {isa = PBXFileReference; lastKnownFileType = sourcecode.swift; path = PrayerTimeCell.swift; sourceTree = "<group>"; };
		E9FADB9D26ED22F500271BFA /* PrayerTimeCard.swift */ = {isa = PBXFileReference; lastKnownFileType = sourcecode.swift; path = PrayerTimeCard.swift; sourceTree = "<group>"; };
		E9FEF25E26F7E4E30026C261 /* MapView.swift */ = {isa = PBXFileReference; lastKnownFileType = sourcecode.swift; path = MapView.swift; sourceTree = "<group>"; };
/* End PBXFileReference section */

/* Begin PBXFrameworksBuildPhase section */
		E9FADB7926EC3D1000271BFA /* Frameworks */ = {
			isa = PBXFrameworksBuildPhase;
			buildActionMask = 2147483647;
			files = (
				E99C4E3326ED7E8000971EA3 /* Adhan in Frameworks */,
			);
			runOnlyForDeploymentPostprocessing = 0;
		};
/* End PBXFrameworksBuildPhase section */

/* Begin PBXGroup section */
		E93115F726FD535C00532A28 /* Style */ = {
			isa = PBXGroup;
			children = (
				E93115EC26FD4D3600532A28 /* NavigationTitleText.swift */,
				E93115F826FD5F0200532A28 /* CustomText.swift */,
				E9AA10D1271247B10073C265 /* Colors.swift */,
			);
			path = Style;
			sourceTree = "<group>";
		};
		E9390E4526F7A7C0007A5E11 /* LearnLocation */ = {
			isa = PBXGroup;
			children = (
				E9FEF25E26F7E4E30026C261 /* MapView.swift */,
				E990D6F5271A1E1A000B8B72 /* sheet.swift */,
			);
			path = LearnLocation;
			sourceTree = "<group>";
		};
		E93B5ECF26F13A5400C85177 /* Managers */ = {
			isa = PBXGroup;
			children = (
				E93B5ED026F13A6E00C85177 /* LocationManager.swift */,
				E9AA10C6271245640073C265 /* CoreDataManager.swift */,
			);
			path = Managers;
			sourceTree = "<group>";
		};
		E96974DB27158787006C2154 /* SettingView */ = {
			isa = PBXGroup;
			children = (
				E96CD92E271B994D00C847D3 /* Components */,
				E96CD92A271B54C500C847D3 /* Views */,
				E96974DE27159EE5006C2154 /* Sections */,
				E96974DF2715A4AE006C2154 /* SettingView.swift */,
			);
			path = SettingView;
			sourceTree = "<group>";
		};
		E96974DE27159EE5006C2154 /* Sections */ = {
			isa = PBXGroup;
			children = (
				E9775CF3271A282B00608664 /* AppSettingSection.swift */,
				E9775CF1271A251B00608664 /* AppDetailsSection.swift */,
				E9775CEF271A24A000608664 /* DevloperDetailsSection.swift */,
			);
			path = Sections;
			sourceTree = "<group>";
		};
		E96B23B5271B9D2800B6C249 /* Components */ = {
			isa = PBXGroup;
			children = (
				E96B23B6271B9D3D00B6C249 /* ZekrCard.swift */,
				E96B23B8271B9D6700B6C249 /* AthkarBigButton.swift */,
			);
			path = Components;
			sourceTree = "<group>";
		};
		E96CD92A271B54C500C847D3 /* Views */ = {
			isa = PBXGroup;
			children = (
				E96CD928271B54B800C847D3 /* SettingNotificationView.swift */,
			);
			path = Views;
			sourceTree = "<group>";
		};
		E96CD92B271B87DF00C847D3 /* ViewModel */ = {
			isa = PBXGroup;
			children = (
				E96CD92C271B87FB00C847D3 /* EnvironmentViewModel.swift */,
			);
			path = ViewModel;
			sourceTree = "<group>";
		};
		E96CD92E271B994D00C847D3 /* Components */ = {
			isa = PBXGroup;
			children = (
				E96CD92F271B996500C847D3 /* LinkButton.swift */,
			);
			path = Components;
			sourceTree = "<group>";
		};
		E96CD931271B9A8B00C847D3 /* Views */ = {
			isa = PBXGroup;
			children = (
				E9AA10D427124A750073C265 /* TasbihView.swift */,
			);
			path = Views;
			sourceTree = "<group>";
		};
		E96CD934271B9AE400C847D3 /* Old */ = {
			isa = PBXGroup;
			children = (
				E9390E4526F7A7C0007A5E11 /* LearnLocation */,
				E9AA10D327124A4A0073C265 /* PostPrayerAthkarView */,
			);
			path = Old;
			sourceTree = "<group>";
		};
		E99C4E3426EE497700971EA3 /* AthkerView */ = {
			isa = PBXGroup;
			children = (
				E96B23B5271B9D2800B6C249 /* Components */,
				E96CD931271B9A8B00C847D3 /* Views */,
				E99C4E3C26EE524A00971EA3 /* AthkarView.swift */,
			);
			path = AthkerView;
			sourceTree = "<group>";
		};
		E99C4E4226EEA9F300971EA3 /* Fonts */ = {
			isa = PBXGroup;
			children = (
				E9F197052712852B002AE23E /* me_quran.ttf */,
				E93115F526FD518500532A28 /* Rakkas-Regular.ttf */,
			);
			path = Fonts;
			sourceTree = "<group>";
		};
		E9AA10D0271247140073C265 /* Old */ = {
			isa = PBXGroup;
			children = (
				E9F378A5270024F400C86589 /* 1_athkar.json */,
				E9F378A6270024F400C86589 /* 3_sunnah_ad3yah.json */,
				E9F378A7270024F400C86589 /* 4_ruqiya.json */,
				E9F378A8270024F400C86589 /* 6_allah_names.json */,
				E9F378A9270024F400C86589 /* 2_quraan_ad3yah.json */,
			);
			path = Old;
			sourceTree = "<group>";
		};
		E9AA10D327124A4A0073C265 /* PostPrayerAthkarView */ = {
			isa = PBXGroup;
			children = (
				E96974DC271599DA006C2154 /* PostPrayerAthkarView.swift */,
			);
			path = PostPrayerAthkarView;
			sourceTree = "<group>";
		};
		E9F37889270023A200C86589 /* Resources */ = {
			isa = PBXGroup;
			children = (
				E9F378A4270024F400C86589 /* json */,
				E99C4E4226EEA9F300971EA3 /* Fonts */,
				E9FADB8326EC3D1100271BFA /* Assets.xcassets */,
			);
			path = Resources;
			sourceTree = "<group>";
		};
		E9F378A4270024F400C86589 /* json */ = {
			isa = PBXGroup;
			children = (
				E9AA10D0271247140073C265 /* Old */,
				E9AA10CA271246FC0073C265 /* azkar_massa.json */,
				E9AA10CC271246FC0073C265 /* azkar_sabah.json */,
				E9AA10CB271246FC0073C265 /* PostPrayer_azkar.json */,
			);
			path = json;
			sourceTree = "<group>";
		};
		E9FADB7326EC3D1000271BFA = {
			isa = PBXGroup;
			children = (
				E9FADB7E26EC3D1000271BFA /* Athan */,
				E9FADB7D26EC3D1000271BFA /* Products */,
			);
			sourceTree = "<group>";
		};
		E9FADB7D26EC3D1000271BFA /* Products */ = {
			isa = PBXGroup;
			children = (
				E9FADB7C26EC3D1000271BFA /* Athan.app */,
			);
			name = Products;
			sourceTree = "<group>";
		};
		E9FADB7E26EC3D1000271BFA /* Athan */ = {
			isa = PBXGroup;
			children = (
				E96CD934271B9AE400C847D3 /* Old */,
				E9FADB7F26EC3D1000271BFA /* AthanApp.swift */,
				E96974E12715A987006C2154 /* Launch Screen.storyboard */,
				E9F37889270023A200C86589 /* Resources */,
				E93115F726FD535C00532A28 /* Style */,
				E9FADB9726ED129E00271BFA /* Model */,
				E9FADB8E26ECFB8800271BFA /* Extensions */,
				E93B5ECF26F13A5400C85177 /* Managers */,
				E96CD92B271B87DF00C847D3 /* ViewModel */,
				E9FADB9426ED0ACA00271BFA /* Views */,
				E9FADB8526EC3D1100271BFA /* Preview Content */,
			);
			path = Athan;
			sourceTree = "<group>";
		};
		E9FADB8526EC3D1100271BFA /* Preview Content */ = {
			isa = PBXGroup;
			children = (
				E9FADB8626EC3D1100271BFA /* Preview Assets.xcassets */,
			);
			path = "Preview Content";
			sourceTree = "<group>";
		};
		E9FADB8E26ECFB8800271BFA /* Extensions */ = {
			isa = PBXGroup;
			children = (
				E9FADB8F26ECFBAB00271BFA /* Color.swift */,
				E9016CAF26F568D00000EDBF /* Date.swift */,
				E9F1970327127CE9002AE23E /* UIScreen.swift */,
			);
			path = Extensions;
			sourceTree = "<group>";
		};
		E9FADB9426ED0ACA00271BFA /* Views */ = {
			isa = PBXGroup;
			children = (
				E9FADB8126EC3D1000271BFA /* AppTapView.swift */,
				E9FADB9526ED0BF000271BFA /* PrayersTimeView */,
				E99C4E3426EE497700971EA3 /* AthkerView */,
				E96974DB27158787006C2154 /* SettingView */,
			);
			path = Views;
			sourceTree = "<group>";
		};
		E9FADB9526ED0BF000271BFA /* PrayersTimeView */ = {
			isa = PBXGroup;
			children = (
				E9FADB9626ED0BF800271BFA /* Components */,
				E9FADB9926ED220C00271BFA /* PrayersTimeView.swift */,
			);
			path = PrayersTimeView;
			sourceTree = "<group>";
		};
		E9FADB9626ED0BF800271BFA /* Components */ = {
			isa = PBXGroup;
			children = (
				E9FADB9B26ED22C300271BFA /* PrayerTimeCell.swift */,
				E9FADB9D26ED22F500271BFA /* PrayerTimeCard.swift */,
				E99C4E3E26EE53AC00971EA3 /* PrayerTimeHeader.swift */,
			);
			path = Components;
			sourceTree = "<group>";
		};
		E9FADB9726ED129E00271BFA /* Model */ = {
			isa = PBXGroup;
			children = (
				E9016CAD26F566D00000EDBF /* PrayerTime.swift */,
				E9AA10C82712469F0073C265 /* Azkar.swift */,
			);
			path = Model;
			sourceTree = "<group>";
		};
/* End PBXGroup section */

/* Begin PBXNativeTarget section */
		E9FADB7B26EC3D1000271BFA /* Athan */ = {
			isa = PBXNativeTarget;
			buildConfigurationList = E9FADB8B26EC3D1100271BFA /* Build configuration list for PBXNativeTarget "Athan" */;
			buildPhases = (
				E9FADB7826EC3D1000271BFA /* Sources */,
				E9FADB7926EC3D1000271BFA /* Frameworks */,
				E9FADB7A26EC3D1000271BFA /* Resources */,
			);
			buildRules = (
			);
			dependencies = (
			);
			name = Athan;
			packageProductDependencies = (
				E99C4E3226ED7E8000971EA3 /* Adhan */,
			);
			productName = Athan;
			productReference = E9FADB7C26EC3D1000271BFA /* Athan.app */;
			productType = "com.apple.product-type.application";
		};
/* End PBXNativeTarget section */

/* Begin PBXProject section */
		E9FADB7426EC3D1000271BFA /* Project object */ = {
			isa = PBXProject;
			attributes = {
				LastSwiftUpdateCheck = 1250;
				LastUpgradeCheck = 1250;
				TargetAttributes = {
					E9FADB7B26EC3D1000271BFA = {
						CreatedOnToolsVersion = 12.5.1;
					};
				};
			};
			buildConfigurationList = E9FADB7726EC3D1000271BFA /* Build configuration list for PBXProject "Athan" */;
			compatibilityVersion = "Xcode 9.3";
			developmentRegion = en;
			hasScannedForEncodings = 0;
			knownRegions = (
				en,
				Base,
			);
			mainGroup = E9FADB7326EC3D1000271BFA;
			packageReferences = (
				E99C4E3126ED7E8000971EA3 /* XCRemoteSwiftPackageReference "adhan-swift" */,
			);
			productRefGroup = E9FADB7D26EC3D1000271BFA /* Products */;
			projectDirPath = "";
			projectRoot = "";
			targets = (
				E9FADB7B26EC3D1000271BFA /* Athan */,
			);
		};
/* End PBXProject section */

/* Begin PBXResourcesBuildPhase section */
		E9FADB7A26EC3D1000271BFA /* Resources */ = {
			isa = PBXResourcesBuildPhase;
			buildActionMask = 2147483647;
			files = (
				E9AA10CD271246FC0073C265 /* azkar_massa.json in Resources */,
				E9F378AA270024F400C86589 /* 1_athkar.json in Resources */,
				E9FADB8726EC3D1100271BFA /* Preview Assets.xcassets in Resources */,
				E9FADB8426EC3D1100271BFA /* Assets.xcassets in Resources */,
				E96974E22715A987006C2154 /* Launch Screen.storyboard in Resources */,
				E9F483D82712864F004971BF /* me_quran.ttf in Resources */,
				E93115F626FD518500532A28 /* Rakkas-Regular.ttf in Resources */,
				E9F378AD270024F400C86589 /* 6_allah_names.json in Resources */,
				E9AA10CE271246FC0073C265 /* PostPrayer_azkar.json in Resources */,
				E9F378AB270024F400C86589 /* 3_sunnah_ad3yah.json in Resources */,
				E9F378AE270024F400C86589 /* 2_quraan_ad3yah.json in Resources */,
				E9F378AC270024F400C86589 /* 4_ruqiya.json in Resources */,
				E9AA10CF271246FC0073C265 /* azkar_sabah.json in Resources */,
			);
			runOnlyForDeploymentPostprocessing = 0;
		};
/* End PBXResourcesBuildPhase section */

/* Begin PBXSourcesBuildPhase section */
		E9FADB7826EC3D1000271BFA /* Sources */ = {
			isa = PBXSourcesBuildPhase;
			buildActionMask = 2147483647;
			files = (
				E9FADB9C26ED22C300271BFA /* PrayerTimeCell.swift in Sources */,
				E9AA10C92712469F0073C265 /* Azkar.swift in Sources */,
				E9016CB026F568D00000EDBF /* Date.swift in Sources */,
				E96CD929271B54B800C847D3 /* SettingNotificationView.swift in Sources */,
				E9FADB9A26ED220C00271BFA /* PrayersTimeView.swift in Sources */,
				E9FADB8226EC3D1000271BFA /* AppTapView.swift in Sources */,
				E96974E02715A4AE006C2154 /* SettingView.swift in Sources */,
				E990D6F6271A1E1A000B8B72 /* sheet.swift in Sources */,
				E96B23B9271B9D6700B6C249 /* AthkarBigButton.swift in Sources */,
				E9AA10C7271245640073C265 /* CoreDataManager.swift in Sources */,
				E99C4E3D26EE524A00971EA3 /* AthkarView.swift in Sources */,
				E9FADB9E26ED22F500271BFA /* PrayerTimeCard.swift in Sources */,
				E9FADB8026EC3D1000271BFA /* AthanApp.swift in Sources */,
				E96CD92D271B87FB00C847D3 /* EnvironmentViewModel.swift in Sources */,
				E9775CF4271A282B00608664 /* AppSettingSection.swift in Sources */,
				E9FEF25F26F7E4E30026C261 /* MapView.swift in Sources */,
				E9775CF2271A251B00608664 /* AppDetailsSection.swift in Sources */,
				E9016CAE26F566D00000EDBF /* PrayerTime.swift in Sources */,
				E9AA10D2271247B10073C265 /* Colors.swift in Sources */,
				E9AA10D527124A750073C265 /* TasbihView.swift in Sources */,
				E93B5ED126F13A6E00C85177 /* LocationManager.swift in Sources */,
				E93115F926FD5F0200532A28 /* CustomText.swift in Sources */,
				E99C4E3F26EE53AC00971EA3 /* PrayerTimeHeader.swift in Sources */,
				E96974DD271599DA006C2154 /* PostPrayerAthkarView.swift in Sources */,
				E9FADB9026ECFBAB00271BFA /* Color.swift in Sources */,
				E9F1970427127CE9002AE23E /* UIScreen.swift in Sources */,
				E96CD930271B996500C847D3 /* LinkButton.swift in Sources */,
				E93115ED26FD4D3600532A28 /* NavigationTitleText.swift in Sources */,
				E9775CF0271A24A000608664 /* DevloperDetailsSection.swift in Sources */,
				E96B23B7271B9D3D00B6C249 /* ZekrCard.swift in Sources */,
			);
			runOnlyForDeploymentPostprocessing = 0;
		};
/* End PBXSourcesBuildPhase section */

/* Begin XCBuildConfiguration section */
		E9FADB8926EC3D1100271BFA /* Debug */ = {
			isa = XCBuildConfiguration;
			buildSettings = {
				ALWAYS_SEARCH_USER_PATHS = NO;
				CLANG_ANALYZER_NONNULL = YES;
				CLANG_ANALYZER_NUMBER_OBJECT_CONVERSION = YES_AGGRESSIVE;
				CLANG_CXX_LANGUAGE_STANDARD = "gnu++14";
				CLANG_CXX_LIBRARY = "libc++";
				CLANG_ENABLE_MODULES = YES;
				CLANG_ENABLE_OBJC_ARC = YES;
				CLANG_ENABLE_OBJC_WEAK = YES;
				CLANG_WARN_BLOCK_CAPTURE_AUTORELEASING = YES;
				CLANG_WARN_BOOL_CONVERSION = YES;
				CLANG_WARN_COMMA = YES;
				CLANG_WARN_CONSTANT_CONVERSION = YES;
				CLANG_WARN_DEPRECATED_OBJC_IMPLEMENTATIONS = YES;
				CLANG_WARN_DIRECT_OBJC_ISA_USAGE = YES_ERROR;
				CLANG_WARN_DOCUMENTATION_COMMENTS = YES;
				CLANG_WARN_EMPTY_BODY = YES;
				CLANG_WARN_ENUM_CONVERSION = YES;
				CLANG_WARN_INFINITE_RECURSION = YES;
				CLANG_WARN_INT_CONVERSION = YES;
				CLANG_WARN_NON_LITERAL_NULL_CONVERSION = YES;
				CLANG_WARN_OBJC_IMPLICIT_RETAIN_SELF = YES;
				CLANG_WARN_OBJC_LITERAL_CONVERSION = YES;
				CLANG_WARN_OBJC_ROOT_CLASS = YES_ERROR;
				CLANG_WARN_QUOTED_INCLUDE_IN_FRAMEWORK_HEADER = YES;
				CLANG_WARN_RANGE_LOOP_ANALYSIS = YES;
				CLANG_WARN_STRICT_PROTOTYPES = YES;
				CLANG_WARN_SUSPICIOUS_MOVE = YES;
				CLANG_WARN_UNGUARDED_AVAILABILITY = YES_AGGRESSIVE;
				CLANG_WARN_UNREACHABLE_CODE = YES;
				CLANG_WARN__DUPLICATE_METHOD_MATCH = YES;
				COPY_PHASE_STRIP = NO;
				DEBUG_INFORMATION_FORMAT = dwarf;
				ENABLE_STRICT_OBJC_MSGSEND = YES;
				ENABLE_TESTABILITY = YES;
				GCC_C_LANGUAGE_STANDARD = gnu11;
				GCC_DYNAMIC_NO_PIC = NO;
				GCC_NO_COMMON_BLOCKS = YES;
				GCC_OPTIMIZATION_LEVEL = 0;
				GCC_PREPROCESSOR_DEFINITIONS = (
					"DEBUG=1",
					"$(inherited)",
				);
				GCC_WARN_64_TO_32_BIT_CONVERSION = YES;
				GCC_WARN_ABOUT_RETURN_TYPE = YES_ERROR;
				GCC_WARN_UNDECLARED_SELECTOR = YES;
				GCC_WARN_UNINITIALIZED_AUTOS = YES_AGGRESSIVE;
				GCC_WARN_UNUSED_FUNCTION = YES;
				GCC_WARN_UNUSED_VARIABLE = YES;
				IPHONEOS_DEPLOYMENT_TARGET = 14.5;
				MTL_ENABLE_DEBUG_INFO = INCLUDE_SOURCE;
				MTL_FAST_MATH = YES;
				ONLY_ACTIVE_ARCH = YES;
				SDKROOT = iphoneos;
				SWIFT_ACTIVE_COMPILATION_CONDITIONS = DEBUG;
				SWIFT_OPTIMIZATION_LEVEL = "-Onone";
			};
			name = Debug;
		};
		E9FADB8A26EC3D1100271BFA /* Release */ = {
			isa = XCBuildConfiguration;
			buildSettings = {
				ALWAYS_SEARCH_USER_PATHS = NO;
				CLANG_ANALYZER_NONNULL = YES;
				CLANG_ANALYZER_NUMBER_OBJECT_CONVERSION = YES_AGGRESSIVE;
				CLANG_CXX_LANGUAGE_STANDARD = "gnu++14";
				CLANG_CXX_LIBRARY = "libc++";
				CLANG_ENABLE_MODULES = YES;
				CLANG_ENABLE_OBJC_ARC = YES;
				CLANG_ENABLE_OBJC_WEAK = YES;
				CLANG_WARN_BLOCK_CAPTURE_AUTORELEASING = YES;
				CLANG_WARN_BOOL_CONVERSION = YES;
				CLANG_WARN_COMMA = YES;
				CLANG_WARN_CONSTANT_CONVERSION = YES;
				CLANG_WARN_DEPRECATED_OBJC_IMPLEMENTATIONS = YES;
				CLANG_WARN_DIRECT_OBJC_ISA_USAGE = YES_ERROR;
				CLANG_WARN_DOCUMENTATION_COMMENTS = YES;
				CLANG_WARN_EMPTY_BODY = YES;
				CLANG_WARN_ENUM_CONVERSION = YES;
				CLANG_WARN_INFINITE_RECURSION = YES;
				CLANG_WARN_INT_CONVERSION = YES;
				CLANG_WARN_NON_LITERAL_NULL_CONVERSION = YES;
				CLANG_WARN_OBJC_IMPLICIT_RETAIN_SELF = YES;
				CLANG_WARN_OBJC_LITERAL_CONVERSION = YES;
				CLANG_WARN_OBJC_ROOT_CLASS = YES_ERROR;
				CLANG_WARN_QUOTED_INCLUDE_IN_FRAMEWORK_HEADER = YES;
				CLANG_WARN_RANGE_LOOP_ANALYSIS = YES;
				CLANG_WARN_STRICT_PROTOTYPES = YES;
				CLANG_WARN_SUSPICIOUS_MOVE = YES;
				CLANG_WARN_UNGUARDED_AVAILABILITY = YES_AGGRESSIVE;
				CLANG_WARN_UNREACHABLE_CODE = YES;
				CLANG_WARN__DUPLICATE_METHOD_MATCH = YES;
				COPY_PHASE_STRIP = NO;
				DEBUG_INFORMATION_FORMAT = "dwarf-with-dsym";
				ENABLE_NS_ASSERTIONS = NO;
				ENABLE_STRICT_OBJC_MSGSEND = YES;
				GCC_C_LANGUAGE_STANDARD = gnu11;
				GCC_NO_COMMON_BLOCKS = YES;
				GCC_WARN_64_TO_32_BIT_CONVERSION = YES;
				GCC_WARN_ABOUT_RETURN_TYPE = YES_ERROR;
				GCC_WARN_UNDECLARED_SELECTOR = YES;
				GCC_WARN_UNINITIALIZED_AUTOS = YES_AGGRESSIVE;
				GCC_WARN_UNUSED_FUNCTION = YES;
				GCC_WARN_UNUSED_VARIABLE = YES;
				IPHONEOS_DEPLOYMENT_TARGET = 14.5;
				MTL_ENABLE_DEBUG_INFO = NO;
				MTL_FAST_MATH = YES;
				SDKROOT = iphoneos;
				SWIFT_COMPILATION_MODE = wholemodule;
				SWIFT_OPTIMIZATION_LEVEL = "-O";
				VALIDATE_PRODUCT = YES;
			};
			name = Release;
		};
		E9FADB8C26EC3D1100271BFA /* Debug */ = {
			isa = XCBuildConfiguration;
			buildSettings = {
				ASSETCATALOG_COMPILER_APPICON_NAME = AppIcon;
				ASSETCATALOG_COMPILER_GLOBAL_ACCENT_COLOR_NAME = AccentColor;
				CODE_SIGN_STYLE = Automatic;
				DEVELOPMENT_ASSET_PATHS = "\"Athan/Preview Content\"";
				DEVELOPMENT_TEAM = Q22HQU5G8X;
				ENABLE_PREVIEWS = YES;
				INFOPLIST_FILE = Athan/Info.plist;
				IPHONEOS_DEPLOYMENT_TARGET = 15.0;
				LD_RUNPATH_SEARCH_PATHS = (
					"$(inherited)",
					"@executable_path/Frameworks",
				);
				MARKETING_VERSION = 1.0;
				PRODUCT_BUNDLE_IDENTIFIER = iKAlhazmi.Athan;
				PRODUCT_NAME = "$(TARGET_NAME)";
				SWIFT_VERSION = 5.0;
				TARGETED_DEVICE_FAMILY = 1;
			};
			name = Debug;
		};
		E9FADB8D26EC3D1100271BFA /* Release */ = {
			isa = XCBuildConfiguration;
			buildSettings = {
				ASSETCATALOG_COMPILER_APPICON_NAME = AppIcon;
				ASSETCATALOG_COMPILER_GLOBAL_ACCENT_COLOR_NAME = AccentColor;
				CODE_SIGN_STYLE = Automatic;
				DEVELOPMENT_ASSET_PATHS = "\"Athan/Preview Content\"";
				DEVELOPMENT_TEAM = Q22HQU5G8X;
				ENABLE_PREVIEWS = YES;
				INFOPLIST_FILE = Athan/Info.plist;
				IPHONEOS_DEPLOYMENT_TARGET = 15.0;
				LD_RUNPATH_SEARCH_PATHS = (
					"$(inherited)",
					"@executable_path/Frameworks",
				);
				MARKETING_VERSION = 1.0;
				PRODUCT_BUNDLE_IDENTIFIER = iKAlhazmi.Athan;
				PRODUCT_NAME = "$(TARGET_NAME)";
				SWIFT_VERSION = 5.0;
				TARGETED_DEVICE_FAMILY = 1;
			};
			name = Release;
		};
/* End XCBuildConfiguration section */

/* Begin XCConfigurationList section */
		E9FADB7726EC3D1000271BFA /* Build configuration list for PBXProject "Athan" */ = {
			isa = XCConfigurationList;
			buildConfigurations = (
				E9FADB8926EC3D1100271BFA /* Debug */,
				E9FADB8A26EC3D1100271BFA /* Release */,
			);
			defaultConfigurationIsVisible = 0;
			defaultConfigurationName = Release;
		};
		E9FADB8B26EC3D1100271BFA /* Build configuration list for PBXNativeTarget "Athan" */ = {
			isa = XCConfigurationList;
			buildConfigurations = (
				E9FADB8C26EC3D1100271BFA /* Debug */,
				E9FADB8D26EC3D1100271BFA /* Release */,
			);
			defaultConfigurationIsVisible = 0;
			defaultConfigurationName = Release;
		};
/* End XCConfigurationList section */

/* Begin XCRemoteSwiftPackageReference section */
		E99C4E3126ED7E8000971EA3 /* XCRemoteSwiftPackageReference "adhan-swift" */ = {
			isa = XCRemoteSwiftPackageReference;
			repositoryURL = "https://github.com/batoulapps/adhan-swift.git";
			requirement = {
				kind = upToNextMajorVersion;
				minimumVersion = 1.3.0;
			};
		};
/* End XCRemoteSwiftPackageReference section */

/* Begin XCSwiftPackageProductDependency section */
		E99C4E3226ED7E8000971EA3 /* Adhan */ = {
			isa = XCSwiftPackageProductDependency;
			package = E99C4E3126ED7E8000971EA3 /* XCRemoteSwiftPackageReference "adhan-swift" */;
			productName = Adhan;
		};
/* End XCSwiftPackageProductDependency section */
	};
	rootObject = E9FADB7426EC3D1000271BFA /* Project object */;
}
